PODS:
  - CalmGeo (0.9.10):
    - MMKV (~> 1.3.0)
  - MMKV (1.3.0):
    - MMKVCore (~> 1.3.0)
  - MMKVCore (1.3.9)

DEPENDENCIES:
  - CalmGeo (from `../`)

SPEC REPOS:
  trunk:
    - MMKV
    - MMKVCore

EXTERNAL SOURCES:
  CalmGeo:
    :path: "../"

SPEC CHECKSUMS:
  CalmGeo: fe92620ca8b50a49923d08f885a2d1659b0c59a4
  MMKV: 9c6c3fa4ddd849f28c7b9a5c9d23aab84f14ee35
  MMKVCore: af055b00e27d88cd92fad301c5fecd1ff9b26dd9

PODFILE CHECKSUM: 2ddbc49ed651238108acb8da3da19e79541538dc

COCOAPODS: 1.15.2
