PODS:
  - CalmGeo (0.9.14):
    - MMKV (~> 1.3.0)
  - MMKV (1.3.9):
    - MMKVCore (~> 1.3.9)
  - MMKVCore (1.3.9)

DEPENDENCIES:
  - CalmGeo (from `../`)

SPEC REPOS:
  trunk:
    - MMKV
    - MMKVCore

EXTERNAL SOURCES:
  CalmGeo:
    :path: "../"

SPEC CHECKSUMS:
  CalmGeo: e23bce2ff4c5d45ad6570e9177913f4b77ca6828
  MMKV: 817ba1eea17421547e01e087285606eb270a8dcb
  MMKVCore: af055b00e27d88cd92fad301c5fecd1ff9b26dd9

PODFILE CHECKSUM: 2ddbc49ed651238108acb8da3da19e79541538dc

COCOAPODS: 1.15.2
